// !$*UTF8*$!
{
	archiveVersion = 1;
	classes = {
	};
	objectVersion = 46;
	objects = {

/* Begin PBXBuildFile section */
		4F4034EB1CBF3F5D0014AB48 /* NewHabitVC.swift in Sources */ = {isa = PBXBuildFile; fileRef = 4F4034EA1CBF3F5C0014AB48 /* NewHabitVC.swift */; };
		4F4034ED1CBF46CF0014AB48 /* HabitItem.swift in Sources */ = {isa = PBXBuildFile; fileRef = 4F4034EC1CBF46CF0014AB48 /* HabitItem.swift */; };
		4F4034EF1CBFE0CE0014AB48 /* HTableVC.swift in Sources */ = {isa = PBXBuildFile; fileRef = 4F4034EE1CBFE0CE0014AB48 /* HTableVC.swift */; };
		4F4F18571CB1F997000423E1 /* AppDelegate.swift in Sources */ = {isa = PBXBuildFile; fileRef = 4F4F18561CB1F997000423E1 /* AppDelegate.swift */; };
		4F4F18591CB1F997000423E1 /* ViewController.swift in Sources */ = {isa = PBXBuildFile; fileRef = 4F4F18581CB1F997000423E1 /* ViewController.swift */; };
		4F4F18611CB1F997000423E1 /* Assets.xcassets in Resources */ = {isa = PBXBuildFile; fileRef = 4F4F18601CB1F997000423E1 /* Assets.xcassets */; };
		4F4F18641CB1F997000423E1 /* LaunchScreen.storyboard in Resources */ = {isa = PBXBuildFile; fileRef = 4F4F18621CB1F997000423E1 /* LaunchScreen.storyboard */; };
		4F4F186F1CB1F997000423E1 /* MotivateTests.swift in Sources */ = {isa = PBXBuildFile; fileRef = 4F4F186E1CB1F997000423E1 /* MotivateTests.swift */; };
		4F4F187A1CB1F9BD000423E1 /* Main.storyboard in Resources */ = {isa = PBXBuildFile; fileRef = 4F4F18791CB1F9BD000423E1 /* Main.storyboard */; };
		4F4F187C1CB1F9F0000423E1 /* HomeVC.swift in Sources */ = {isa = PBXBuildFile; fileRef = 4F4F187B1CB1F9F0000423E1 /* HomeVC.swift */; };
		4F4F187E1CB1FA00000423E1 /* SignUpVC.swift in Sources */ = {isa = PBXBuildFile; fileRef = 4F4F187D1CB1FA00000423E1 /* SignUpVC.swift */; };
		4F4F18801CB1FA13000423E1 /* LoginVC.swift in Sources */ = {isa = PBXBuildFile; fileRef = 4F4F187F1CB1FA13000423E1 /* LoginVC.swift */; };
		4F9177B11CB2173B00B43230 /* RandomQuoteVC.swift in Sources */ = {isa = PBXBuildFile; fileRef = 4F9177B01CB2173B00B43230 /* RandomQuoteVC.swift */; };
		4F9177B31CB2AE9400B43230 /* GoalItem.swift in Sources */ = {isa = PBXBuildFile; fileRef = 4F9177B21CB2AE9400B43230 /* GoalItem.swift */; };
		4F9177B51CB2AF0D00B43230 /* AddGoalVC.swift in Sources */ = {isa = PBXBuildFile; fileRef = 4F9177B41CB2AF0D00B43230 /* AddGoalVC.swift */; };
		4F9177B71CB2B07C00B43230 /* DataStorage.swift in Sources */ = {isa = PBXBuildFile; fileRef = 4F9177B61CB2B07C00B43230 /* DataStorage.swift */; };
		4F9177B91CB3293800B43230 /* GTableViewController.swift in Sources */ = {isa = PBXBuildFile; fileRef = 4F9177B81CB3293800B43230 /* GTableViewController.swift */; };
		4FF89AF31CCFD6B7002155C7 /* goalIcon.png in Resources */ = {isa = PBXBuildFile; fileRef = 4FF89AF21CCFD6B7002155C7 /* goalIcon.png */; };
		4FF89AF51CCFD6D7002155C7 /* habitIcon.png in Resources */ = {isa = PBXBuildFile; fileRef = 4FF89AF41CCFD6D7002155C7 /* habitIcon.png */; };
		4FF89AF71CCFD7C3002155C7 /* Idea-64.png in Resources */ = {isa = PBXBuildFile; fileRef = 4FF89AF61CCFD7C3002155C7 /* Idea-64.png */; };
		4FF89AF91CCFD820002155C7 /* Good Decision-50.png in Resources */ = {isa = PBXBuildFile; fileRef = 4FF89AF81CCFD820002155C7 /* Good Decision-50.png */; };
/* End PBXBuildFile section */

/* Begin PBXContainerItemProxy section */
		4F4F186B1CB1F997000423E1 /* PBXContainerItemProxy */ = {
			isa = PBXContainerItemProxy;
			containerPortal = 4F4F184B1CB1F997000423E1 /* Project object */;
			proxyType = 1;
			remoteGlobalIDString = 4F4F18521CB1F997000423E1;
			remoteInfo = Motivate;
		};
/* End PBXContainerItemProxy section */

/* Begin PBXFileReference section */
		4F4034EA1CBF3F5C0014AB48 /* NewHabitVC.swift */ = {isa = PBXFileReference; fileEncoding = 4; lastKnownFileType = sourcecode.swift; path = NewHabitVC.swift; sourceTree = "<group>"; };
		4F4034EC1CBF46CF0014AB48 /* HabitItem.swift */ = {isa = PBXFileReference; fileEncoding = 4; lastKnownFileType = sourcecode.swift; path = HabitItem.swift; sourceTree = "<group>"; };
		4F4034EE1CBFE0CE0014AB48 /* HTableVC.swift */ = {isa = PBXFileReference; fileEncoding = 4; lastKnownFileType = sourcecode.swift; path = HTableVC.swift; sourceTree = "<group>"; };
		4F4F18531CB1F997000423E1 /* Motivate.app */ = {isa = PBXFileReference; explicitFileType = wrapper.application; includeInIndex = 0; path = Motivate.app; sourceTree = BUILT_PRODUCTS_DIR; };
		4F4F18561CB1F997000423E1 /* AppDelegate.swift */ = {isa = PBXFileReference; lastKnownFileType = sourcecode.swift; path = AppDelegate.swift; sourceTree = "<group>"; };
		4F4F18581CB1F997000423E1 /* ViewController.swift */ = {isa = PBXFileReference; lastKnownFileType = sourcecode.swift; path = ViewController.swift; sourceTree = "<group>"; };
		4F4F18601CB1F997000423E1 /* Assets.xcassets */ = {isa = PBXFileReference; lastKnownFileType = folder.assetcatalog; path = Assets.xcassets; sourceTree = "<group>"; };
		4F4F18631CB1F997000423E1 /* Base */ = {isa = PBXFileReference; lastKnownFileType = file.storyboard; name = Base; path = Base.lproj/LaunchScreen.storyboard; sourceTree = "<group>"; };
		4F4F18651CB1F997000423E1 /* Info.plist */ = {isa = PBXFileReference; lastKnownFileType = text.plist.xml; path = Info.plist; sourceTree = "<group>"; };
		4F4F186A1CB1F997000423E1 /* MotivateTests.xctest */ = {isa = PBXFileReference; explicitFileType = wrapper.cfbundle; includeInIndex = 0; path = MotivateTests.xctest; sourceTree = BUILT_PRODUCTS_DIR; };
		4F4F186E1CB1F997000423E1 /* MotivateTests.swift */ = {isa = PBXFileReference; lastKnownFileType = sourcecode.swift; path = MotivateTests.swift; sourceTree = "<group>"; };
		4F4F18701CB1F997000423E1 /* Info.plist */ = {isa = PBXFileReference; lastKnownFileType = text.plist.xml; path = Info.plist; sourceTree = "<group>"; };
		4F4F18791CB1F9BD000423E1 /* Main.storyboard */ = {isa = PBXFileReference; fileEncoding = 4; lastKnownFileType = file.storyboard; path = Main.storyboard; sourceTree = "<group>"; };
		4F4F187B1CB1F9F0000423E1 /* HomeVC.swift */ = {isa = PBXFileReference; fileEncoding = 4; lastKnownFileType = sourcecode.swift; path = HomeVC.swift; sourceTree = "<group>"; };
		4F4F187D1CB1FA00000423E1 /* SignUpVC.swift */ = {isa = PBXFileReference; fileEncoding = 4; lastKnownFileType = sourcecode.swift; path = SignUpVC.swift; sourceTree = "<group>"; };
		4F4F187F1CB1FA13000423E1 /* LoginVC.swift */ = {isa = PBXFileReference; fileEncoding = 4; lastKnownFileType = sourcecode.swift; path = LoginVC.swift; sourceTree = "<group>"; };
		4F9177B01CB2173B00B43230 /* RandomQuoteVC.swift */ = {isa = PBXFileReference; fileEncoding = 4; lastKnownFileType = sourcecode.swift; path = RandomQuoteVC.swift; sourceTree = "<group>"; };
		4F9177B21CB2AE9400B43230 /* GoalItem.swift */ = {isa = PBXFileReference; fileEncoding = 4; lastKnownFileType = sourcecode.swift; path = GoalItem.swift; sourceTree = "<group>"; };
		4F9177B41CB2AF0D00B43230 /* AddGoalVC.swift */ = {isa = PBXFileReference; fileEncoding = 4; lastKnownFileType = sourcecode.swift; path = AddGoalVC.swift; sourceTree = "<group>"; };
		4F9177B61CB2B07C00B43230 /* DataStorage.swift */ = {isa = PBXFileReference; fileEncoding = 4; lastKnownFileType = sourcecode.swift; path = DataStorage.swift; sourceTree = "<group>"; };
		4F9177B81CB3293800B43230 /* GTableViewController.swift */ = {isa = PBXFileReference; fileEncoding = 4; lastKnownFileType = sourcecode.swift; path = GTableViewController.swift; sourceTree = "<group>"; };
		4FF89AF21CCFD6B7002155C7 /* goalIcon.png */ = {isa = PBXFileReference; lastKnownFileType = image.png; path = goalIcon.png; sourceTree = "<group>"; };
		4FF89AF41CCFD6D7002155C7 /* habitIcon.png */ = {isa = PBXFileReference; lastKnownFileType = image.png; path = habitIcon.png; sourceTree = "<group>"; };
		4FF89AF61CCFD7C3002155C7 /* Idea-64.png */ = {isa = PBXFileReference; lastKnownFileType = image.png; path = "Idea-64.png"; sourceTree = "<group>"; };
		4FF89AF81CCFD820002155C7 /* Good Decision-50.png */ = {isa = PBXFileReference; lastKnownFileType = image.png; path = "Good Decision-50.png"; sourceTree = "<group>"; };
/* End PBXFileReference section */

/* Begin PBXFrameworksBuildPhase section */
		4F4F18501CB1F997000423E1 /* Frameworks */ = {
			isa = PBXFrameworksBuildPhase;
			buildActionMask = 2147483647;
			files = (
			);
			runOnlyForDeploymentPostprocessing = 0;
		};
		4F4F18671CB1F997000423E1 /* Frameworks */ = {
			isa = PBXFrameworksBuildPhase;
			buildActionMask = 2147483647;
			files = (
			);
			runOnlyForDeploymentPostprocessing = 0;
		};
/* End PBXFrameworksBuildPhase section */

/* Begin PBXGroup section */
		4F4F184A1CB1F997000423E1 = {
			isa = PBXGroup;
			children = (
				4F4F18551CB1F997000423E1 /* Motivate */,
				4F4F186D1CB1F997000423E1 /* MotivateTests */,
				4F4F18541CB1F997000423E1 /* Products */,
			);
			sourceTree = "<group>";
		};
		4F4F18541CB1F997000423E1 /* Products */ = {
			isa = PBXGroup;
			children = (
				4F4F18531CB1F997000423E1 /* Motivate.app */,
				4F4F186A1CB1F997000423E1 /* MotivateTests.xctest */,
			);
			name = Products;
			sourceTree = "<group>";
		};
		4F4F18551CB1F997000423E1 /* Motivate */ = {
			isa = PBXGroup;
			children = (
				4F4F18561CB1F997000423E1 /* AppDelegate.swift */,
				4F4F18581CB1F997000423E1 /* ViewController.swift */,
				4F4F18601CB1F997000423E1 /* Assets.xcassets */,
				4F4F18791CB1F9BD000423E1 /* Main.storyboard */,
				4FF89AF61CCFD7C3002155C7 /* Idea-64.png */,
				4F4034EA1CBF3F5C0014AB48 /* NewHabitVC.swift */,
				4F4034EC1CBF46CF0014AB48 /* HabitItem.swift */,
				4F4F18621CB1F997000423E1 /* LaunchScreen.storyboard */,
				4FF89AF81CCFD820002155C7 /* Good Decision-50.png */,
				4F4F187B1CB1F9F0000423E1 /* HomeVC.swift */,
				4FF89AF41CCFD6D7002155C7 /* habitIcon.png */,
				4F4F187D1CB1FA00000423E1 /* SignUpVC.swift */,
				4FF89AF21CCFD6B7002155C7 /* goalIcon.png */,
				4F4F187F1CB1FA13000423E1 /* LoginVC.swift */,
				4F4F18651CB1F997000423E1 /* Info.plist */,
				4F9177B01CB2173B00B43230 /* RandomQuoteVC.swift */,
				4F9177B21CB2AE9400B43230 /* GoalItem.swift */,
				4F9177B41CB2AF0D00B43230 /* AddGoalVC.swift */,
				4F9177B61CB2B07C00B43230 /* DataStorage.swift */,
				4F9177B81CB3293800B43230 /* GTableViewController.swift */,
				4F4034EE1CBFE0CE0014AB48 /* HTableVC.swift */,
			);
			path = Motivate;
			sourceTree = "<group>";
		};
		4F4F186D1CB1F997000423E1 /* MotivateTests */ = {
			isa = PBXGroup;
			children = (
				4F4F186E1CB1F997000423E1 /* MotivateTests.swift */,
				4F4F18701CB1F997000423E1 /* Info.plist */,
			);
			path = MotivateTests;
			sourceTree = "<group>";
		};
/* End PBXGroup section */

/* Begin PBXNativeTarget section */
		4F4F18521CB1F997000423E1 /* Motivate */ = {
			isa = PBXNativeTarget;
			buildConfigurationList = 4F4F18731CB1F997000423E1 /* Build configuration list for PBXNativeTarget "Motivate" */;
			buildPhases = (
				4F4F184F1CB1F997000423E1 /* Sources */,
				4F4F18501CB1F997000423E1 /* Frameworks */,
				4F4F18511CB1F997000423E1 /* Resources */,
			);
			buildRules = (
			);
			dependencies = (
			);
			name = Motivate;
			productName = Motivate;
			productReference = 4F4F18531CB1F997000423E1 /* Motivate.app */;
			productType = "com.apple.product-type.application";
		};
		4F4F18691CB1F997000423E1 /* MotivateTests */ = {
			isa = PBXNativeTarget;
			buildConfigurationList = 4F4F18761CB1F997000423E1 /* Build configuration list for PBXNativeTarget "MotivateTests" */;
			buildPhases = (
				4F4F18661CB1F997000423E1 /* Sources */,
				4F4F18671CB1F997000423E1 /* Frameworks */,
				4F4F18681CB1F997000423E1 /* Resources */,
			);
			buildRules = (
			);
			dependencies = (
				4F4F186C1CB1F997000423E1 /* PBXTargetDependency */,
			);
			name = MotivateTests;
			productName = MotivateTests;
			productReference = 4F4F186A1CB1F997000423E1 /* MotivateTests.xctest */;
			productType = "com.apple.product-type.bundle.unit-test";
		};
/* End PBXNativeTarget section */

/* Begin PBXProject section */
		4F4F184B1CB1F997000423E1 /* Project object */ = {
			isa = PBXProject;
			attributes = {
				LastSwiftUpdateCheck = 0730;
				LastUpgradeCheck = 0730;
				ORGANIZATIONNAME = "Jacqueline Kouri";
				TargetAttributes = {
					4F4F18521CB1F997000423E1 = {
						CreatedOnToolsVersion = 7.3;
						DevelopmentTeam = 36633JRVY3;
					};
					4F4F18691CB1F997000423E1 = {
						CreatedOnToolsVersion = 7.3;
						DevelopmentTeam = 36633JRVY3;
						TestTargetID = 4F4F18521CB1F997000423E1;
					};
				};
			};
			buildConfigurationList = 4F4F184E1CB1F997000423E1 /* Build configuration list for PBXProject "Motivate" */;
			compatibilityVersion = "Xcode 3.2";
			developmentRegion = English;
			hasScannedForEncodings = 0;
			knownRegions = (
				en,
				Base,
			);
			mainGroup = 4F4F184A1CB1F997000423E1;
			productRefGroup = 4F4F18541CB1F997000423E1 /* Products */;
			projectDirPath = "";
			projectRoot = "";
			targets = (
				4F4F18521CB1F997000423E1 /* Motivate */,
				4F4F18691CB1F997000423E1 /* MotivateTests */,
			);
		};
/* End PBXProject section */

/* Begin PBXResourcesBuildPhase section */
		4F4F18511CB1F997000423E1 /* Resources */ = {
			isa = PBXResourcesBuildPhase;
			buildActionMask = 2147483647;
			files = (
				4FF89AF71CCFD7C3002155C7 /* Idea-64.png in Resources */,
				4F4F18641CB1F997000423E1 /* LaunchScreen.storyboard in Resources */,
				4FF89AF91CCFD820002155C7 /* Good Decision-50.png in Resources */,
				4F4F18611CB1F997000423E1 /* Assets.xcassets in Resources */,
				4F4F187A1CB1F9BD000423E1 /* Main.storyboard in Resources */,
				4FF89AF31CCFD6B7002155C7 /* goalIcon.png in Resources */,
				4FF89AF51CCFD6D7002155C7 /* habitIcon.png in Resources */,
			);
			runOnlyForDeploymentPostprocessing = 0;
		};
		4F4F18681CB1F997000423E1 /* Resources */ = {
			isa = PBXResourcesBuildPhase;
			buildActionMask = 2147483647;
			files = (
			);
			runOnlyForDeploymentPostprocessing = 0;
		};
/* End PBXResourcesBuildPhase section */

/* Begin PBXSourcesBuildPhase section */
		4F4F184F1CB1F997000423E1 /* Sources */ = {
			isa = PBXSourcesBuildPhase;
			buildActionMask = 2147483647;
			files = (
				4F4F187C1CB1F9F0000423E1 /* HomeVC.swift in Sources */,
				4F4F18801CB1FA13000423E1 /* LoginVC.swift in Sources */,
				4F9177B51CB2AF0D00B43230 /* AddGoalVC.swift in Sources */,
				4F9177B31CB2AE9400B43230 /* GoalItem.swift in Sources */,
				4F9177B91CB3293800B43230 /* GTableViewController.swift in Sources */,
				4F4034ED1CBF46CF0014AB48 /* HabitItem.swift in Sources */,
				4F4034EB1CBF3F5D0014AB48 /* NewHabitVC.swift in Sources */,
				4F4F18591CB1F997000423E1 /* ViewController.swift in Sources */,
				4F4034EF1CBFE0CE0014AB48 /* HTableVC.swift in Sources */,
				4F9177B11CB2173B00B43230 /* RandomQuoteVC.swift in Sources */,
				4F9177B71CB2B07C00B43230 /* DataStorage.swift in Sources */,
				4F4F187E1CB1FA00000423E1 /* SignUpVC.swift in Sources */,
				4F4F18571CB1F997000423E1 /* AppDelegate.swift in Sources */,
			);
			runOnlyForDeploymentPostprocessing = 0;
		};
		4F4F18661CB1F997000423E1 /* Sources */ = {
			isa = PBXSourcesBuildPhase;
			buildActionMask = 2147483647;
			files = (
				4F4F186F1CB1F997000423E1 /* MotivateTests.swift in Sources */,
			);
			runOnlyForDeploymentPostprocessing = 0;
		};
/* End PBXSourcesBuildPhase section */

/* Begin PBXTargetDependency section */
		4F4F186C1CB1F997000423E1 /* PBXTargetDependency */ = {
			isa = PBXTargetDependency;
			target = 4F4F18521CB1F997000423E1 /* Motivate */;
			targetProxy = 4F4F186B1CB1F997000423E1 /* PBXContainerItemProxy */;
		};
/* End PBXTargetDependency section */

/* Begin PBXVariantGroup section */
		4F4F18621CB1F997000423E1 /* LaunchScreen.storyboard */ = {
			isa = PBXVariantGroup;
			children = (
				4F4F18631CB1F997000423E1 /* Base */,
			);
			name = LaunchScreen.storyboard;
			sourceTree = "<group>";
		};
/* End PBXVariantGroup section */

/* Begin XCBuildConfiguration section */
		4F4F18711CB1F997000423E1 /* Debug */ = {
			isa = XCBuildConfiguration;
			buildSettings = {
				ALWAYS_SEARCH_USER_PATHS = NO;
				CLANG_ANALYZER_NONNULL = YES;
				CLANG_CXX_LANGUAGE_STANDARD = "gnu++0x";
				CLANG_CXX_LIBRARY = "libc++";
				CLANG_ENABLE_MODULES = YES;
				CLANG_ENABLE_OBJC_ARC = YES;
				CLANG_WARN_BOOL_CONVERSION = YES;
				CLANG_WARN_CONSTANT_CONVERSION = YES;
				CLANG_WARN_DIRECT_OBJC_ISA_USAGE = YES_ERROR;
				CLANG_WARN_EMPTY_BODY = YES;
				CLANG_WARN_ENUM_CONVERSION = YES;
				CLANG_WARN_INT_CONVERSION = YES;
				CLANG_WARN_OBJC_ROOT_CLASS = YES_ERROR;
				CLANG_WARN_UNREACHABLE_CODE = YES;
				CLANG_WARN__DUPLICATE_METHOD_MATCH = YES;
				"CODE_SIGN_IDENTITY[sdk=iphoneos*]" = "iPhone Developer";
				COPY_PHASE_STRIP = NO;
				DEBUG_INFORMATION_FORMAT = dwarf;
				ENABLE_STRICT_OBJC_MSGSEND = YES;
				ENABLE_TESTABILITY = YES;
				GCC_C_LANGUAGE_STANDARD = gnu99;
				GCC_DYNAMIC_NO_PIC = NO;
				GCC_NO_COMMON_BLOCKS = YES;
				GCC_OPTIMIZATION_LEVEL = 0;
				GCC_PREPROCESSOR_DEFINITIONS = (
					"DEBUG=1",
					"$(inherited)",
				);
				GCC_WARN_64_TO_32_BIT_CONVERSION = YES;
				GCC_WARN_ABOUT_RETURN_TYPE = YES_ERROR;
				GCC_WARN_UNDECLARED_SELECTOR = YES;
				GCC_WARN_UNINITIALIZED_AUTOS = YES_AGGRESSIVE;
				GCC_WARN_UNUSED_FUNCTION = YES;
				GCC_WARN_UNUSED_VARIABLE = YES;
				IPHONEOS_DEPLOYMENT_TARGET = 9.3;
				MTL_ENABLE_DEBUG_INFO = YES;
				ONLY_ACTIVE_ARCH = YES;
				SDKROOT = iphoneos;
				SWIFT_OPTIMIZATION_LEVEL = "-Onone";
				TARGETED_DEVICE_FAMILY = "1,2";
			};
			name = Debug;
		};
		4F4F18721CB1F997000423E1 /* Release */ = {
			isa = XCBuildConfiguration;
			buildSettings = {
				ALWAYS_SEARCH_USER_PATHS = NO;
				CLANG_ANALYZER_NONNULL = YES;
				CLANG_CXX_LANGUAGE_STANDARD = "gnu++0x";
				CLANG_CXX_LIBRARY = "libc++";
				CLANG_ENABLE_MODULES = YES;
				CLANG_ENABLE_OBJC_ARC = YES;
				CLANG_WARN_BOOL_CONVERSION = YES;
				CLANG_WARN_CONSTANT_CONVERSION = YES;
				CLANG_WARN_DIRECT_OBJC_ISA_USAGE = YES_ERROR;
				CLANG_WARN_EMPTY_BODY = YES;
				CLANG_WARN_ENUM_CONVERSION = YES;
				CLANG_WARN_INT_CONVERSION = YES;
				CLANG_WARN_OBJC_ROOT_CLASS = YES_ERROR;
				CLANG_WARN_UNREACHABLE_CODE = YES;
				CLANG_WARN__DUPLICATE_METHOD_MATCH = YES;
				"CODE_SIGN_IDENTITY[sdk=iphoneos*]" = "iPhone Developer";
				COPY_PHASE_STRIP = NO;
				DEBUG_INFORMATION_FORMAT = "dwarf-with-dsym";
				ENABLE_NS_ASSERTIONS = NO;
				ENABLE_STRICT_OBJC_MSGSEND = YES;
				GCC_C_LANGUAGE_STANDARD = gnu99;
				GCC_NO_COMMON_BLOCKS = YES;
				GCC_WARN_64_TO_32_BIT_CONVERSION = YES;
				GCC_WARN_ABOUT_RETURN_TYPE = YES_ERROR;
				GCC_WARN_UNDECLARED_SELECTOR = YES;
				GCC_WARN_UNINITIALIZED_AUTOS = YES_AGGRESSIVE;
				GCC_WARN_UNUSED_FUNCTION = YES;
				GCC_WARN_UNUSED_VARIABLE = YES;
				IPHONEOS_DEPLOYMENT_TARGET = 9.3;
				MTL_ENABLE_DEBUG_INFO = NO;
				SDKROOT = iphoneos;
				TARGETED_DEVICE_FAMILY = "1,2";
				VALIDATE_PRODUCT = YES;
			};
			name = Release;
		};
		4F4F18741CB1F997000423E1 /* Debug */ = {
			isa = XCBuildConfiguration;
			buildSettings = {
				ASSETCATALOG_COMPILER_APPICON_NAME = AppIcon;
				CODE_SIGN_IDENTITY = "iPhone Developer";
				INFOPLIST_FILE = Motivate/Info.plist;
				LD_RUNPATH_SEARCH_PATHS = "$(inherited) @executable_path/Frameworks";
				PRODUCT_BUNDLE_IDENTIFIER = com.virginia.edu.Motivate;
				PRODUCT_NAME = "$(TARGET_NAME)";
			};
			name = Debug;
		};
		4F4F18751CB1F997000423E1 /* Release */ = {
			isa = XCBuildConfiguration;
			buildSettings = {
				ASSETCATALOG_COMPILER_APPICON_NAME = AppIcon;
				CODE_SIGN_IDENTITY = "iPhone Developer";
				INFOPLIST_FILE = Motivate/Info.plist;
				LD_RUNPATH_SEARCH_PATHS = "$(inherited) @executable_path/Frameworks";
				PRODUCT_BUNDLE_IDENTIFIER = com.virginia.edu.Motivate;
				PRODUCT_NAME = "$(TARGET_NAME)";
			};
			name = Release;
		};
		4F4F18771CB1F997000423E1 /* Debug */ = {
			isa = XCBuildConfiguration;
			buildSettings = {
				BUNDLE_LOADER = "$(TEST_HOST)";
				INFOPLIST_FILE = MotivateTests/Info.plist;
				LD_RUNPATH_SEARCH_PATHS = "$(inherited) @executable_path/Frameworks @loader_path/Frameworks";
				PRODUCT_BUNDLE_IDENTIFIER = com.virginia.edu.MotivateTests;
				PRODUCT_NAME = "$(TARGET_NAME)";
				TEST_HOST = "$(BUILT_PRODUCTS_DIR)/Motivate.app/Motivate";
			};
			name = Debug;
		};
		4F4F18781CB1F997000423E1 /* Release */ = {
			isa = XCBuildConfiguration;
			buildSettings = {
				BUNDLE_LOADER = "$(TEST_HOST)";
				INFOPLIST_FILE = MotivateTests/Info.plist;
				LD_RUNPATH_SEARCH_PATHS = "$(inherited) @executable_path/Frameworks @loader_path/Frameworks";
				PRODUCT_BUNDLE_IDENTIFIER = com.virginia.edu.MotivateTests;
				PRODUCT_NAME = "$(TARGET_NAME)";
				TEST_HOST = "$(BUILT_PRODUCTS_DIR)/Motivate.app/Motivate";
			};
			name = Release;
		};
/* End XCBuildConfiguration section */

/* Begin XCConfigurationList section */
		4F4F184E1CB1F997000423E1 /* Build configuration list for PBXProject "Motivate" */ = {
			isa = XCConfigurationList;
			buildConfigurations = (
				4F4F18711CB1F997000423E1 /* Debug */,
				4F4F18721CB1F997000423E1 /* Release */,
			);
			defaultConfigurationIsVisible = 0;
			defaultConfigurationName = Release;
		};
		4F4F18731CB1F997000423E1 /* Build configuration list for PBXNativeTarget "Motivate" */ = {
			isa = XCConfigurationList;
			buildConfigurations = (
				4F4F18741CB1F997000423E1 /* Debug */,
				4F4F18751CB1F997000423E1 /* Release */,
			);
			defaultConfigurationIsVisible = 0;
			defaultConfigurationName = Release;
		};
		4F4F18761CB1F997000423E1 /* Build configuration list for PBXNativeTarget "MotivateTests" */ = {
			isa = XCConfigurationList;
			buildConfigurations = (
				4F4F18771CB1F997000423E1 /* Debug */,
				4F4F18781CB1F997000423E1 /* Release */,
			);
			defaultConfigurationIsVisible = 0;
			defaultConfigurationName = Release;
		};
/* End XCConfigurationList section */
	};
	rootObject = 4F4F184B1CB1F997000423E1 /* Project object */;
}
